
Microsoft Visual Studio Solution File, Format Version 12.00
# Visual Studio 15
Project("{FAE04EC0-301F-11D3-BF4B-00C04F79EFBC}") = "Assembly-CSharp", "Assembly-CSharp.csproj", "{F34E4F68-6B2B-B06C-0B7A-262E01F5E09E}"
EndProject
Project("{FAE04EC0-301F-11D3-BF4B-00C04F79EFBC}") = "Assembly-CSharp-Editor", "Assembly-CSharp-Editor.csproj", "{3787E24B-FF49-D172-4394-3D3754CAD3EC}"
EndProject
Global
	GlobalSection(SolutionConfigurationPlatforms) = preSolution
		Debug|Any CPU = Debug|Any CPU
		Release|Any CPU = Release|Any CPU
	EndGlobalSection
	GlobalSection(ProjectConfigurationPlatforms) = postSolution
		{F34E4F68-6B2B-B06C-0B7A-262E01F5E09E}.Debug|Any CPU.ActiveCfg = Debug|Any CPU
		{F34E4F68-6B2B-B06C-0B7A-262E01F5E09E}.Debug|Any CPU.Build.0 = Debug|Any CPU
		{F34E4F68-6B2B-B06C-0B7A-262E01F5E09E}.Release|Any CPU.ActiveCfg = Release|Any CPU
		{F34E4F68-6B2B-B06C-0B7A-262E01F5E09E}.Release|Any CPU.Build.0 = Release|Any CPU
		{3787E24B-FF49-D172-4394-3D3754CAD3EC}.Debug|Any CPU.ActiveCfg = Debug|Any CPU
		{3787E24B-FF49-D172-4394-3D3754CAD3EC}.Debug|Any CPU.Build.0 = Debug|Any CPU
		{3787E24B-FF49-D172-4394-3D3754CAD3EC}.Release|Any CPU.ActiveCfg = Release|Any CPU
		{3787E24B-FF49-D172-4394-3D3754CAD3EC}.Release|Any CPU.Build.0 = Release|Any CPU
	EndGlobalSection
	GlobalSection(SolutionProperties) = preSolution
		HideSolutionNode = FALSE
	EndGlobalSection
EndGlobal
